
Microsoft Visual Studio Solution File, Format Version 12.00
# Visual Studio Version 17
VisualStudioVersion = 17.10.35013.160
MinimumVisualStudioVersion = 10.0.40219.1
Project("{9A19103F-16F7-4668-BE54-9A1E7A4F7556}") = "API", "API\API.csproj", "{81BB4521-6F77-476D-AC6F-0B5E2FC1847F}"
EndProject
Project("{9A19103F-16F7-4668-BE54-9A1E7A4F7556}") = "WebApp", "D:\Desktop\Mon Hoc\Ky7\PRN221\Project\PRN221_Project_BookReading\WebApp\WebApp.csproj", "{D5961D4C-5F28-40C5-86F2-0EB112A10322}"
EndProject
Global
	GlobalSection(SolutionConfigurationPlatforms) = preSolution
		Debug|Any CPU = Debug|Any CPU
		Release|Any CPU = Release|Any CPU
	EndGlobalSection
	GlobalSection(ProjectConfigurationPlatforms) = postSolution
		{81BB4521-6F77-476D-AC6F-0B5E2FC1847F}.Debug|Any CPU.ActiveCfg = Debug|Any CPU
		{81BB4521-6F77-476D-AC6F-0B5E2FC1847F}.Debug|Any CPU.Build.0 = Debug|Any CPU
		{81BB4521-6F77-476D-AC6F-0B5E2FC1847F}.Release|Any CPU.ActiveCfg = Release|Any CPU
		{81BB4521-6F77-476D-AC6F-0B5E2FC1847F}.Release|Any CPU.Build.0 = Release|Any CPU
		{D5961D4C-5F28-40C5-86F2-0EB112A10322}.Debug|Any CPU.ActiveCfg = Debug|Any CPU
		{D5961D4C-5F28-40C5-86F2-0EB112A10322}.Debug|Any CPU.Build.0 = Debug|Any CPU
		{D5961D4C-5F28-40C5-86F2-0EB112A10322}.Release|Any CPU.ActiveCfg = Release|Any CPU
		{D5961D4C-5F28-40C5-86F2-0EB112A10322}.Release|Any CPU.Build.0 = Release|Any CPU
	EndGlobalSection
	GlobalSection(SolutionProperties) = preSolution
		HideSolutionNode = FALSE
	EndGlobalSection
	GlobalSection(ExtensibilityGlobals) = postSolution
		SolutionGuid = {7AED5165-0F27-4CFF-AFEB-F151659D4CB1}
	EndGlobalSection
EndGlobal
